
Microsoft Visual Studio Solution File, Format Version 12.00
# Visual Studio 15
VisualStudioVersion = 15.0.27703.2035
MinimumVisualStudioVersion = 10.0.40219.1
Project("{FAE04EC0-301F-11D3-BF4B-00C04F79EFBC}") = "Library", "..\src\Library\Library.csproj", "{42A43C8D-30DF-4DEA-A881-FB5E08A601FB}"
EndProject
Global
	GlobalSection(SolutionConfigurationPlatforms) = preSolution
		Debug|Any CPU = Debug|Any CPU
		Release|Any CPU = Release|Any CPU
	EndGlobalSection
	GlobalSection(ProjectConfigurationPlatforms) = postSolution
		{42A43C8D-30DF-4DEA-A881-FB5E08A601FB}.Debug|Any CPU.ActiveCfg = Debug|Any CPU
		{42A43C8D-30DF-4DEA-A881-FB5E08A601FB}.Debug|Any CPU.Build.0 = Debug|Any CPU
		{42A43C8D-30DF-4DEA-A881-FB5E08A601FB}.Release|Any CPU.ActiveCfg = Release|Any CPU
		{42A43C8D-30DF-4DEA-A881-FB5E08A601FB}.Release|Any CPU.Build.0 = Release|Any CPU
	EndGlobalSection
	GlobalSection(SolutionProperties) = preSolution
		HideSolutionNode = FALSE
	EndGlobalSection
	GlobalSection(ExtensibilityGlobals) = postSolution
		SolutionGuid = {03245B74-E41D-49BD-8342-2619DC51D1BA}
	EndGlobalSection
EndGlobal
